// !$*UTF8*$!
{
	archiveVersion = 1;
	classes = {
	};
	objectVersion = 56;
	objects = {

/* Begin PBXBuildFile section */
		839E663D2FD091B70029A413 /* Crypto in Frameworks */ = {isa = PBXBuildFile; productRef = 839E663C2FD091B70029A413 /* Crypto */; };
		839E663F2FD091C60029A413 /* CryptoExtras in Frameworks */ = {isa = PBXBuildFile; productRef = 839E663E2FD091C60029A413 /* CryptoExtras */; };
		A00100010000000000000001 /* App.swift in Sources */ = {isa = PBXBuildFile; fileRef = A00100020000000000000001 /* App.swift */; };
		A00100010000000000000002 /* CredentialProviderViewController.swift in Sources */ = {isa = PBXBuildFile; fileRef = A00100020000000000000004 /* CredentialProviderViewController.swift */; };
		A00100010000000000000003 /* CredentialProviderExtension.appex in CopyFiles */ = {isa = PBXBuildFile; fileRef = A00100020000000000000008 /* CredentialProviderExtension.appex */; settings = {ATTRIBUTES = (RemoveHeadersOnCopy, ); }; };
		A00100010000000000000004 /* SpectreAlgorithm.swift in Sources */ = {isa = PBXBuildFile; fileRef = A00100020000000000000009 /* SpectreAlgorithm.swift */; };
		A00100010000000000000005 /* SpectreTemplates.swift in Sources */ = {isa = PBXBuildFile; fileRef = A0010002000000000000000A /* SpectreTemplates.swift */; };
		A00100010000000000000006 /* App.swift in Sources */ = {isa = PBXBuildFile; fileRef = A0010002000000000000000B /* App.swift */; };
		A00100010000000000000007 /* CredentialProviderExtension.appex in CopyFiles */ = {isa = PBXBuildFile; fileRef = A00100020000000000000008 /* CredentialProviderExtension.appex */; settings = {ATTRIBUTES = (RemoveHeadersOnCopy, ); }; };
/* End PBXBuildFile section */

/* Begin PBXContainerItemProxy section */
		A00100030000000000000001 /* PBXContainerItemProxy */ = {
			isa = PBXContainerItemProxy;
			containerPortal = A00100040000000000000001 /* Project object */;
			proxyType = 1;
			remoteGlobalIDString = A00100050000000000000002;
			remoteInfo = CredentialProviderExtension;
		};
		A00100030000000000000002 /* PBXContainerItemProxy */ = {
			isa = PBXContainerItemProxy;
			containerPortal = A00100040000000000000001 /* Project object */;
			proxyType = 1;
			remoteGlobalIDString = A00100050000000000000002;
			remoteInfo = CredentialProviderExtension;
		};
/* End PBXContainerItemProxy section */

/* Begin PBXCopyFilesBuildPhase section */
		A00100060000000000000001 /* CopyFiles */ = {
			isa = PBXCopyFilesBuildPhase;
			buildActionMask = 2147483647;
			dstPath = "";
			dstSubfolderSpec = 13;
			files = (
				A00100010000000000000003 /* CredentialProviderExtension.appex in CopyFiles */,
			);
			runOnlyForDeploymentPostprocessing = 0;
		};
		A00100060000000000000002 /* CopyFiles */ = {
			isa = PBXCopyFilesBuildPhase;
			buildActionMask = 2147483647;
			dstPath = "";
			dstSubfolderSpec = 13;
			files = (
				A00100010000000000000007 /* CredentialProviderExtension.appex in CopyFiles */,
			);
			runOnlyForDeploymentPostprocessing = 0;
		};
/* End PBXCopyFilesBuildPhase section */

/* Begin PBXFileReference section */
		A00100020000000000000001 /* App.swift */ = {isa = PBXFileReference; lastKnownFileType = sourcecode.swift; path = App.swift; sourceTree = "<group>"; };
		A00100020000000000000002 /* Info.plist */ = {isa = PBXFileReference; lastKnownFileType = text.plist.xml; path = Info.plist; sourceTree = "<group>"; };
		A00100020000000000000003 /* mpw-macos.entitlements */ = {isa = PBXFileReference; lastKnownFileType = text.plist.entitlements; path = "mpw-macos.entitlements"; sourceTree = "<group>"; };
		A00100020000000000000004 /* CredentialProviderViewController.swift */ = {isa = PBXFileReference; lastKnownFileType = sourcecode.swift; path = CredentialProviderViewController.swift; sourceTree = "<group>"; };
		A00100020000000000000005 /* Info.plist */ = {isa = PBXFileReference; lastKnownFileType = text.plist.xml; path = Info.plist; sourceTree = "<group>"; };
		A00100020000000000000006 /* CredentialProviderExtension.entitlements */ = {isa = PBXFileReference; lastKnownFileType = text.plist.entitlements; path = CredentialProviderExtension.entitlements; sourceTree = "<group>"; };
		A00100020000000000000007 /* mpw-macos.app */ = {isa = PBXFileReference; explicitFileType = wrapper.application; includeInIndex = 0; path = "mpw-macos.app"; sourceTree = BUILT_PRODUCTS_DIR; };
		A00100020000000000000008 /* CredentialProviderExtension.appex */ = {isa = PBXFileReference; explicitFileType = "wrapper.app-extension"; includeInIndex = 0; path = CredentialProviderExtension.appex; sourceTree = BUILT_PRODUCTS_DIR; };
		A00100020000000000000009 /* SpectreAlgorithm.swift */ = {isa = PBXFileReference; lastKnownFileType = sourcecode.swift; path = SpectreAlgorithm.swift; sourceTree = "<group>"; };
		A0010002000000000000000A /* SpectreTemplates.swift */ = {isa = PBXFileReference; lastKnownFileType = sourcecode.swift; path = SpectreTemplates.swift; sourceTree = "<group>"; };
		A0010002000000000000000B /* App.swift */ = {isa = PBXFileReference; lastKnownFileType = sourcecode.swift; path = App.swift; sourceTree = "<group>"; };
		A0010002000000000000000C /* Info.plist */ = {isa = PBXFileReference; lastKnownFileType = text.plist.xml; path = Info.plist; sourceTree = "<group>"; };
		A0010002000000000000000D /* mpw-ios.entitlements */ = {isa = PBXFileReference; lastKnownFileType = text.plist.entitlements; path = "mpw-ios.entitlements"; sourceTree = "<group>"; };
		A0010002000000000000000E /* mpw-ios.app */ = {isa = PBXFileReference; explicitFileType = wrapper.application; includeInIndex = 0; path = "mpw-ios.app"; sourceTree = BUILT_PRODUCTS_DIR; };
/* End PBXFileReference section */

/* Begin PBXFrameworksBuildPhase section */
		A00100070000000000000001 /* Frameworks */ = {
			isa = PBXFrameworksBuildPhase;
			buildActionMask = 2147483647;
			files = (
			);
			runOnlyForDeploymentPostprocessing = 0;
		};
		A00100070000000000000002 /* Frameworks */ = {
			isa = PBXFrameworksBuildPhase;
			buildActionMask = 2147483647;
			files = (
				839E663D2FD091B70029A413 /* Crypto in Frameworks */,
				839E663F2FD091C60029A413 /* CryptoExtras in Frameworks */,
			);
			runOnlyForDeploymentPostprocessing = 0;
		};
		A00100070000000000000003 /* Frameworks */ = {
			isa = PBXFrameworksBuildPhase;
			buildActionMask = 2147483647;
			files = (
			);
			runOnlyForDeploymentPostprocessing = 0;
		};
/* End PBXFrameworksBuildPhase section */

/* Begin PBXGroup section */
		839E66392FD091270029A413 /* Frameworks */ = {
			isa = PBXGroup;
			children = (
			);
			name = Frameworks;
			sourceTree = "<group>";
		};
		A00100080000000000000001 = {
			isa = PBXGroup;
			children = (
				A00100080000000000000002 /* mpw-macos */,
				A00100080000000000000003 /* CredentialProviderExtension */,
				A00100080000000000000005 /* mpw-ios */,
				839E66392FD091270029A413 /* Frameworks */,
				A00100080000000000000004 /* Products */,
			);
			sourceTree = "<group>";
		};
		A00100080000000000000002 /* mpw-macos */ = {
			isa = PBXGroup;
			children = (
				A00100020000000000000001 /* App.swift */,
				A00100020000000000000002 /* Info.plist */,
				A00100020000000000000003 /* mpw-macos.entitlements */,
			);
			path = "mpw-macos";
			sourceTree = "<group>";
		};
		A00100080000000000000003 /* CredentialProviderExtension */ = {
			isa = PBXGroup;
			children = (
				A00100020000000000000004 /* CredentialProviderViewController.swift */,
				A00100020000000000000009 /* SpectreAlgorithm.swift */,
				A0010002000000000000000A /* SpectreTemplates.swift */,
				A00100020000000000000005 /* Info.plist */,
				A00100020000000000000006 /* CredentialProviderExtension.entitlements */,
			);
			path = CredentialProviderExtension;
			sourceTree = "<group>";
		};
		A00100080000000000000004 /* Products */ = {
			isa = PBXGroup;
			children = (
				A00100020000000000000007 /* mpw-macos.app */,
				A00100020000000000000008 /* CredentialProviderExtension.appex */,
				A0010002000000000000000E /* mpw-ios.app */,
			);
			name = Products;
			sourceTree = "<group>";
		};
		A00100080000000000000005 /* mpw-ios */ = {
			isa = PBXGroup;
			children = (
				A0010002000000000000000B /* App.swift */,
				A0010002000000000000000C /* Info.plist */,
				A0010002000000000000000D /* mpw-ios.entitlements */,
			);
			path = "mpw-ios";
			sourceTree = "<group>";
		};
/* End PBXGroup section */

/* Begin PBXNativeTarget section */
		A00100050000000000000001 /* mpw-macos */ = {
			isa = PBXNativeTarget;
			buildConfigurationList = A00100090000000000000001 /* Build configuration list for PBXNativeTarget "mpw-macos" */;
			buildPhases = (
				A00100100000000000000001 /* Sources */,
				A00100070000000000000001 /* Frameworks */,
				A00100060000000000000001 /* CopyFiles */,
			);
			buildRules = (
			);
			dependencies = (
				A00100110000000000000001 /* PBXTargetDependency */,
			);
			name = "mpw-macos";
			productName = "mpw-macos";
			productReference = A00100020000000000000007 /* mpw-macos.app */;
			productType = "com.apple.product-type.application";
		};
		A00100050000000000000002 /* CredentialProviderExtension */ = {
			isa = PBXNativeTarget;
			buildConfigurationList = A00100090000000000000002 /* Build configuration list for PBXNativeTarget "CredentialProviderExtension" */;
			buildPhases = (
				A00100100000000000000002 /* Sources */,
				A00100070000000000000002 /* Frameworks */,
			);
			buildRules = (
			);
			dependencies = (
			);
			name = CredentialProviderExtension;
			productName = CredentialProviderExtension;
			productReference = A00100020000000000000008 /* CredentialProviderExtension.appex */;
			productType = "com.apple.product-type.app-extension";
		};
		A00100050000000000000003 /* mpw-ios */ = {
			isa = PBXNativeTarget;
			buildConfigurationList = A00100090000000000000004 /* Build configuration list for PBXNativeTarget "mpw-ios" */;
			buildPhases = (
				A00100100000000000000003 /* Sources */,
				A00100070000000000000003 /* Frameworks */,
				A00100060000000000000002 /* CopyFiles */,
			);
			buildRules = (
			);
			dependencies = (
				A00100110000000000000002 /* PBXTargetDependency */,
			);
			name = "mpw-ios";
			productName = "mpw-ios";
			productReference = A0010002000000000000000E /* mpw-ios.app */;
			productType = "com.apple.product-type.application";
		};
/* End PBXNativeTarget section */

/* Begin PBXProject section */
		A00100040000000000000001 /* Project object */ = {
			isa = PBXProject;
			attributes = {
				BuildIndependentTargetsInParallel = 1;
				LastSwiftUpdateCheck = 1600;
				LastUpgradeCheck = 2650;
				TargetAttributes = {
					A00100050000000000000001 = {
						CreatedOnToolsVersion = 16.0;
					};
					A00100050000000000000002 = {
						CreatedOnToolsVersion = 16.0;
					};
					A00100050000000000000003 = {
						CreatedOnToolsVersion = 16.0;
					};
				};
			};
			buildConfigurationList = A00100090000000000000003 /* Build configuration list for PBXProject "mpw-macos" */;
			compatibilityVersion = "Xcode 14.0";
			developmentRegion = en;
			hasScannedForEncodings = 0;
			knownRegions = (
				en,
				Base,
			);
			mainGroup = A00100080000000000000001;
			packageReferences = (
				83C41EFD2FD08F6100493607 /* XCRemoteSwiftPackageReference "swift-crypto" */,
			);
			productRefGroup = A00100080000000000000004 /* Products */;
			projectDirPath = "";
			projectRoot = "";
			targets = (
				A00100050000000000000001 /* mpw-macos */,
				A00100050000000000000002 /* CredentialProviderExtension */,
				A00100050000000000000003 /* mpw-ios */,
			);
		};
/* End PBXProject section */

/* Begin PBXSourcesBuildPhase section */
		A00100100000000000000001 /* Sources */ = {
			isa = PBXSourcesBuildPhase;
			buildActionMask = 2147483647;
			files = (
				A00100010000000000000001 /* App.swift in Sources */,
			);
			runOnlyForDeploymentPostprocessing = 0;
		};
		A00100100000000000000002 /* Sources */ = {
			isa = PBXSourcesBuildPhase;
			buildActionMask = 2147483647;
			files = (
				A00100010000000000000002 /* CredentialProviderViewController.swift in Sources */,
				A00100010000000000000004 /* SpectreAlgorithm.swift in Sources */,
				A00100010000000000000005 /* SpectreTemplates.swift in Sources */,
			);
			runOnlyForDeploymentPostprocessing = 0;
		};
		A00100100000000000000003 /* Sources */ = {
			isa = PBXSourcesBuildPhase;
			buildActionMask = 2147483647;
			files = (
				A00100010000000000000006 /* App.swift in Sources */,
			);
			runOnlyForDeploymentPostprocessing = 0;
		};
/* End PBXSourcesBuildPhase section */

/* Begin PBXTargetDependency section */
		A00100110000000000000001 /* PBXTargetDependency */ = {
			isa = PBXTargetDependency;
			target = A00100050000000000000002 /* CredentialProviderExtension */;
			targetProxy = A00100030000000000000001 /* PBXContainerItemProxy */;
		};
		A00100110000000000000002 /* PBXTargetDependency */ = {
			isa = PBXTargetDependency;
			target = A00100050000000000000002 /* CredentialProviderExtension */;
			targetProxy = A00100030000000000000002 /* PBXContainerItemProxy */;
		};
/* End PBXTargetDependency section */

/* Begin XCBuildConfiguration section */
		A00100120000000000000001 /* Debug */ = {
			isa = XCBuildConfiguration;
			buildSettings = {
				ALWAYS_SEARCH_USER_PATHS = NO;
				CLANG_ENABLE_MODULES = YES;
				CLANG_ENABLE_OBJC_ARC = YES;
				CLANG_WARN_BLOCK_CAPTURE_AUTORELEASING = YES;
				CLANG_WARN_BOOL_CONVERSION = YES;
				CLANG_WARN_COMMA = YES;
				CLANG_WARN_CONSTANT_CONVERSION = YES;
				CLANG_WARN_DEPRECATED_OBJC_IMPLEMENTATIONS = YES;
				CLANG_WARN_DOCUMENTATION_COMMENTS = YES;
				CLANG_WARN_EMPTY_BODY = YES;
				CLANG_WARN_ENUM_CONVERSION = YES;
				CLANG_WARN_INFINITE_RECURSION = YES;
				CLANG_WARN_INT_CONVERSION = YES;
				CLANG_WARN_NON_LITERAL_NULL_CONVERSION = YES;
				CLANG_WARN_OBJC_IMPLICIT_RETAIN_SELF = YES;
				CLANG_WARN_OBJC_LITERAL_CONVERSION = YES;
				CLANG_WARN_QUOTED_INCLUDE_IN_FRAMEWORK_HEADER = YES;
				CLANG_WARN_RANGE_LOOP_ANALYSIS = YES;
				CLANG_WARN_STRICT_PROTOTYPES = YES;
				CLANG_WARN_SUSPICIOUS_MOVE = YES;
				CLANG_WARN_UNREACHABLE_CODE = YES;
				CLANG_WARN__DUPLICATE_METHOD_MATCH = YES;
				COPY_PHASE_STRIP = NO;
				DEAD_CODE_STRIPPING = YES;
				DEVELOPMENT_TEAM = 87B2KYDCTV;
				ENABLE_STRICT_OBJC_MSGSEND = YES;
				ENABLE_TESTABILITY = YES;
				ENABLE_USER_SCRIPT_SANDBOXING = YES;
				GCC_C_LANGUAGE_STANDARD = gnu17;
				GCC_NO_COMMON_BLOCKS = YES;
				GCC_WARN_64_TO_32_BIT_CONVERSION = YES;
				GCC_WARN_ABOUT_RETURN_TYPE = YES;
				GCC_WARN_UNDECLARED_SELECTOR = YES;
				GCC_WARN_UNINITIALIZED_AUTOS = YES;
				GCC_WARN_UNUSED_FUNCTION = YES;
				GCC_WARN_UNUSED_VARIABLE = YES;
				MACOSX_DEPLOYMENT_TARGET = 13.0;
				ONLY_ACTIVE_ARCH = YES;
				SDKROOT = macosx;
				STRING_CATALOG_GENERATE_SYMBOLS = YES;
				SWIFT_VERSION = 6.0;
			};
			name = Debug;
		};
		A00100120000000000000002 /* Release */ = {
			isa = XCBuildConfiguration;
			buildSettings = {
				ALWAYS_SEARCH_USER_PATHS = NO;
				CLANG_ENABLE_MODULES = YES;
				CLANG_ENABLE_OBJC_ARC = YES;
				CLANG_WARN_BLOCK_CAPTURE_AUTORELEASING = YES;
				CLANG_WARN_BOOL_CONVERSION = YES;
				CLANG_WARN_COMMA = YES;
				CLANG_WARN_CONSTANT_CONVERSION = YES;
				CLANG_WARN_DEPRECATED_OBJC_IMPLEMENTATIONS = YES;
				CLANG_WARN_DOCUMENTATION_COMMENTS = YES;
				CLANG_WARN_EMPTY_BODY = YES;
				CLANG_WARN_ENUM_CONVERSION = YES;
				CLANG_WARN_INFINITE_RECURSION = YES;
				CLANG_WARN_INT_CONVERSION = YES;
				CLANG_WARN_NON_LITERAL_NULL_CONVERSION = YES;
				CLANG_WARN_OBJC_IMPLICIT_RETAIN_SELF = YES;
				CLANG_WARN_OBJC_LITERAL_CONVERSION = YES;
				CLANG_WARN_QUOTED_INCLUDE_IN_FRAMEWORK_HEADER = YES;
				CLANG_WARN_RANGE_LOOP_ANALYSIS = YES;
				CLANG_WARN_STRICT_PROTOTYPES = YES;
				CLANG_WARN_SUSPICIOUS_MOVE = YES;
				CLANG_WARN_UNREACHABLE_CODE = YES;
				CLANG_WARN__DUPLICATE_METHOD_MATCH = YES;
				DEAD_CODE_STRIPPING = YES;
				DEVELOPMENT_TEAM = 87B2KYDCTV;
				ENABLE_STRICT_OBJC_MSGSEND = YES;
				ENABLE_USER_SCRIPT_SANDBOXING = YES;
				GCC_C_LANGUAGE_STANDARD = gnu17;
				GCC_NO_COMMON_BLOCKS = YES;
				GCC_WARN_64_TO_32_BIT_CONVERSION = YES;
				GCC_WARN_ABOUT_RETURN_TYPE = YES;
				GCC_WARN_UNDECLARED_SELECTOR = YES;
				GCC_WARN_UNINITIALIZED_AUTOS = YES;
				GCC_WARN_UNUSED_FUNCTION = YES;
				GCC_WARN_UNUSED_VARIABLE = YES;
				MACOSX_DEPLOYMENT_TARGET = 13.0;
				SDKROOT = macosx;
				STRING_CATALOG_GENERATE_SYMBOLS = YES;
				SWIFT_COMPILATION_MODE = wholemodule;
				SWIFT_VERSION = 6.0;
			};
			name = Release;
		};
		A00100120000000000000003 /* Debug */ = {
			isa = XCBuildConfiguration;
			buildSettings = {
				CODE_SIGN_ENTITLEMENTS = "mpw-macos/mpw-macos.entitlements";
				CODE_SIGN_STYLE = Automatic;
				CURRENT_PROJECT_VERSION = 1;
				DEAD_CODE_STRIPPING = YES;
				ENABLE_HARDENED_RUNTIME = YES;
				GENERATE_INFOPLIST_FILE = NO;
				INFOPLIST_FILE = "mpw-macos/Info.plist";
				LD_RUNPATH_SEARCH_PATHS = (
					"$(inherited)",
					"@executable_path/../Frameworks",
					"@executable_path/../PlugIns",
				);
				MARKETING_VERSION = 1.0;
				PRODUCT_BUNDLE_IDENTIFIER = "com.csett86.mpw-macos";
				PRODUCT_NAME = "$(TARGET_NAME)";
				SKIP_INSTALL = NO;
				SWIFT_EMIT_LOC_STRINGS = YES;
				SWIFT_VERSION = 5.0;
			};
			name = Debug;
		};
		A00100120000000000000004 /* Release */ = {
			isa = XCBuildConfiguration;
			buildSettings = {
				CODE_SIGN_ENTITLEMENTS = "mpw-macos/mpw-macos.entitlements";
				CODE_SIGN_STYLE = Automatic;
				CURRENT_PROJECT_VERSION = 1;
				DEAD_CODE_STRIPPING = YES;
				ENABLE_HARDENED_RUNTIME = YES;
				GENERATE_INFOPLIST_FILE = NO;
				INFOPLIST_FILE = "mpw-macos/Info.plist";
				LD_RUNPATH_SEARCH_PATHS = (
					"$(inherited)",
					"@executable_path/../Frameworks",
					"@executable_path/../PlugIns",
				);
				MARKETING_VERSION = 1.0;
				PRODUCT_BUNDLE_IDENTIFIER = "com.csett86.mpw-macos";
				PRODUCT_NAME = "$(TARGET_NAME)";
				SKIP_INSTALL = NO;
				SWIFT_EMIT_LOC_STRINGS = YES;
				SWIFT_VERSION = 5.0;
			};
			name = Release;
		};
		A00100120000000000000005 /* Debug */ = {
			isa = XCBuildConfiguration;
			buildSettings = {
				APPLICATION_EXTENSION_API_ONLY = YES;
				CODE_SIGN_ENTITLEMENTS = CredentialProviderExtension/CredentialProviderExtension.entitlements;
				CODE_SIGN_STYLE = Automatic;
				CURRENT_PROJECT_VERSION = 1;
				DEAD_CODE_STRIPPING = YES;
				GENERATE_INFOPLIST_FILE = NO;
				INFOPLIST_FILE = CredentialProviderExtension/Info.plist;
				IPHONEOS_DEPLOYMENT_TARGET = 17.6;
				LD_RUNPATH_SEARCH_PATHS = (
					"$(inherited)",
					"@executable_path/../Frameworks",
					"@executable_path/../../Frameworks",
				);
				MACOSX_DEPLOYMENT_TARGET = 14.6;
				MARKETING_VERSION = 1.0;
				PRODUCT_BUNDLE_IDENTIFIER = "com.csett86.mpw-ios.CredentialProviderExtension";
				"PRODUCT_BUNDLE_IDENTIFIER[sdk=macosx*]" = "com.csett86.mpw-macos.CredentialProviderExtension";
				PRODUCT_NAME = "$(TARGET_NAME)";
				SKIP_INSTALL = YES;
				SUPPORTED_PLATFORMS = "iphoneos iphonesimulator macosx";
				SUPPORTS_MACCATALYST = NO;
				SWIFT_VERSION = 5.0;
				TARGETED_DEVICE_FAMILY = 1;
			};
			name = Debug;
		};
		A00100120000000000000006 /* Release */ = {
			isa = XCBuildConfiguration;
			buildSettings = {
				APPLICATION_EXTENSION_API_ONLY = YES;
				CODE_SIGN_ENTITLEMENTS = CredentialProviderExtension/CredentialProviderExtension.entitlements;
				CODE_SIGN_STYLE = Automatic;
				CURRENT_PROJECT_VERSION = 1;
				DEAD_CODE_STRIPPING = YES;
				GENERATE_INFOPLIST_FILE = NO;
				INFOPLIST_FILE = CredentialProviderExtension/Info.plist;
				IPHONEOS_DEPLOYMENT_TARGET = 17.6;
				LD_RUNPATH_SEARCH_PATHS = (
					"$(inherited)",
					"@executable_path/../Frameworks",
					"@executable_path/../../Frameworks",
				);
				MACOSX_DEPLOYMENT_TARGET = 14.6;
				MARKETING_VERSION = 1.0;
				PRODUCT_BUNDLE_IDENTIFIER = "com.csett86.mpw-ios.CredentialProviderExtension";
				"PRODUCT_BUNDLE_IDENTIFIER[sdk=macosx*]" = "com.csett86.mpw-macos.CredentialProviderExtension";
				PRODUCT_NAME = "$(TARGET_NAME)";
				SKIP_INSTALL = YES;
				SUPPORTED_PLATFORMS = "iphoneos iphonesimulator macosx";
				SUPPORTS_MACCATALYST = NO;
				SWIFT_VERSION = 5.0;
				TARGETED_DEVICE_FAMILY = 1;
			};
			name = Release;
		};
		A00100120000000000000007 /* Debug */ = {
			isa = XCBuildConfiguration;
			buildSettings = {
				CODE_SIGN_ENTITLEMENTS = "mpw-ios/mpw-ios.entitlements";
				CODE_SIGN_STYLE = Automatic;
				CURRENT_PROJECT_VERSION = 1;
				GENERATE_INFOPLIST_FILE = NO;
				INFOPLIST_FILE = "mpw-ios/Info.plist";
				INFOPLIST_KEY_CFBundleDisplayName = "Master Password";
				INFOPLIST_KEY_LSApplicationCategoryType = "public.app-category.utilities";
				IPHONEOS_DEPLOYMENT_TARGET = 17.6;
				LD_RUNPATH_SEARCH_PATHS = (
					"$(inherited)",
					"@executable_path/Frameworks",
				);
				MARKETING_VERSION = 1.0;
				PRODUCT_BUNDLE_IDENTIFIER = "com.csett86.mpw-ios";
				PRODUCT_NAME = "$(TARGET_NAME)";
				SDKROOT = iphoneos;
				SKIP_INSTALL = NO;
				SWIFT_EMIT_LOC_STRINGS = YES;
				SWIFT_VERSION = 5.0;
				TARGETED_DEVICE_FAMILY = "1,2";
			};
			name = Debug;
		};
		A00100120000000000000008 /* Release */ = {
			isa = XCBuildConfiguration;
			buildSettings = {
				CODE_SIGN_ENTITLEMENTS = "mpw-ios/mpw-ios.entitlements";
				CODE_SIGN_STYLE = Automatic;
				CURRENT_PROJECT_VERSION = 1;
				GENERATE_INFOPLIST_FILE = NO;
				INFOPLIST_FILE = "mpw-ios/Info.plist";
				INFOPLIST_KEY_CFBundleDisplayName = "Master Password";
				INFOPLIST_KEY_LSApplicationCategoryType = "public.app-category.utilities";
				IPHONEOS_DEPLOYMENT_TARGET = 17.6;
				LD_RUNPATH_SEARCH_PATHS = (
					"$(inherited)",
					"@executable_path/Frameworks",
				);
				MARKETING_VERSION = 1.0;
				PRODUCT_BUNDLE_IDENTIFIER = "com.csett86.mpw-ios";
				PRODUCT_NAME = "$(TARGET_NAME)";
				SDKROOT = iphoneos;
				SKIP_INSTALL = NO;
				SWIFT_EMIT_LOC_STRINGS = YES;
				SWIFT_VERSION = 5.0;
				TARGETED_DEVICE_FAMILY = "1,2";
			};
			name = Release;
		};
/* End XCBuildConfiguration section */

/* Begin XCConfigurationList section */
		A00100090000000000000001 /* Build configuration list for PBXNativeTarget "mpw-macos" */ = {
			isa = XCConfigurationList;
			buildConfigurations = (
				A00100120000000000000003 /* Debug */,
				A00100120000000000000004 /* Release */,
			);
			defaultConfigurationIsVisible = 0;
			defaultConfigurationName = Release;
		};
		A00100090000000000000002 /* Build configuration list for PBXNativeTarget "CredentialProviderExtension" */ = {
			isa = XCConfigurationList;
			buildConfigurations = (
				A00100120000000000000005 /* Debug */,
				A00100120000000000000006 /* Release */,
			);
			defaultConfigurationIsVisible = 0;
			defaultConfigurationName = Release;
		};
		A00100090000000000000003 /* Build configuration list for PBXProject "mpw-macos" */ = {
			isa = XCConfigurationList;
			buildConfigurations = (
				A00100120000000000000001 /* Debug */,
				A00100120000000000000002 /* Release */,
			);
			defaultConfigurationIsVisible = 0;
			defaultConfigurationName = Release;
		};
		A00100090000000000000004 /* Build configuration list for PBXNativeTarget "mpw-ios" */ = {
			isa = XCConfigurationList;
			buildConfigurations = (
				A00100120000000000000007 /* Debug */,
				A00100120000000000000008 /* Release */,
			);
			defaultConfigurationIsVisible = 0;
			defaultConfigurationName = Release;
		};
/* End XCConfigurationList section */

/* Begin XCRemoteSwiftPackageReference section */
		83C41EFD2FD08F6100493607 /* XCRemoteSwiftPackageReference "swift-crypto" */ = {
			isa = XCRemoteSwiftPackageReference;
			repositoryURL = "https://github.com/apple/swift-crypto.git";
			requirement = {
				kind = upToNextMajorVersion;
				minimumVersion = 4.5.0;
			};
		};
/* End XCRemoteSwiftPackageReference section */

/* Begin XCSwiftPackageProductDependency section */
		839E663C2FD091B70029A413 /* Crypto */ = {
			isa = XCSwiftPackageProductDependency;
			package = 83C41EFD2FD08F6100493607 /* XCRemoteSwiftPackageReference "swift-crypto" */;
			productName = Crypto;
		};
		839E663E2FD091C60029A413 /* CryptoExtras */ = {
			isa = XCSwiftPackageProductDependency;
			package = 83C41EFD2FD08F6100493607 /* XCRemoteSwiftPackageReference "swift-crypto" */;
			productName = CryptoExtras;
		};
/* End XCSwiftPackageProductDependency section */
	};
	rootObject = A00100040000000000000001 /* Project object */;
}
